{
  "name": "ast-match-ts-test",
  "version": "1.0.0",
  "lockfileVersion": 2,
  "requires": true,
  "packages": {
    "": {
      "name": "ast-match-ts-test",
      "version": "1.0.0",
      "license": "ISC",
      "dependencies": {
        "typescript": "^5.3.3"
      },
      "devDependencies": {
        "@phenomnomnominal/tsquery": "^6.1.3"
      }
    },
    "node_modules/@phenomnomnominal/tsquery": {
      "version": "6.1.3",
      "resolved": "https://registry.npmjs.org/@phenomnomnominal/tsquery/-/tsquery-6.1.3.tgz",
      "integrity": "sha512-CEqpJ872StsxRmwv9ePCZ4BCisrJSlREUC5XxIRYxhvODt4aQoJFFmjTgaP6meyKiiXxxN/VWPZ58j4yHXRkmw==",
      "dev": true,
      "dependencies": {
        "@types/esquery": "^1.5.0",
        "esquery": "^1.5.0"
      },
      "peerDependencies": {
        "typescript": "^3 || ^4 || ^5"
      }
    },
    "node_modules/@types/esquery": {
      "version": "1.5.3",
      "resolved": "https://registry.npmjs.org/@types/esquery/-/esquery-1.5.3.tgz",
      "integrity": "sha512-c55hQOcoPkWDfuEN9EdP1YyNH4D909U40gUEpY0nB5PWHExWHEPxcx3sx0fJ1Gzf4j1OpWktmIgciIlpgHtfDg==",
      "dev": true,
      "dependencies": {
        "@types/estree": "*"
      }
    },
    "node_modules/@types/estree": {
      "version": "1.0.5",
      "resolved": "https://registry.npmjs.org/@types/estree/-/estree-1.0.5.tgz",
      "integrity": "sha512-/kYRxGDLWzHOB7q+wtSUQlFrtcdUccpfy+X+9iMBpHK8QLLhx2wIPYuS5DYtR9Wa/YlZAbIovy7qVdB1Aq6Lyw==",
      "dev": true
    },
    "node_modules/esquery": {
      "version": "1.5.0",
      "resolved": "https://registry.npmjs.org/esquery/-/esquery-1.5.0.tgz",
      "integrity": "sha512-YQLXUplAwJgCydQ78IMJywZCceoqk1oH01OERdSAJc/7U2AylwjhSCLDEtqwg811idIS/9fIU5GjG73IgjKMVg==",
      "dev": true,
      "dependencies": {
        "estraverse": "^5.1.0"
      },
      "engines": {
        "node": ">=0.10"
      }
    },
    "node_modules/estraverse": {
      "version": "5.3.0",
      "resolved": "https://registry.npmjs.org/estraverse/-/estraverse-5.3.0.tgz",
      "integrity": "sha512-MMdARuVEQziNTeJD8DgMqmhwR11BRQ/cBP+pLtYdSTnf3MIO8fFeiINEbX36ZdNlfU/7A9f3gUw49B3oQsvwBA==",
      "dev": true,
      "engines": {
        "node": ">=4.0"
      }
    },
    "node_modules/typescript": {
      "version": "5.3.3",
      "resolved": "https://registry.npmjs.org/typescript/-/typescript-5.3.3.tgz",
      "integrity": "sha512-pXWcraxM0uxAS+tN0AG/BF2TyqmHO014Z070UsJ+pFvYuRSq8KH8DmWpnbXe0pEPDHXZV3FcAbJkijJ5oNEnWw==",
      "bin": {
        "tsc": "bin/tsc",
        "tsserver": "bin/tsserver"
      },
      "engines": {
        "node": ">=14.17"
      }
    }
  },
  "dependencies": {
    "@phenomnomnominal/tsquery": {
      "version": "6.1.3",
      "resolved": "https://registry.npmjs.org/@phenomnomnominal/tsquery/-/tsquery-6.1.3.tgz",
      "integrity": "sha512-CEqpJ872StsxRmwv9ePCZ4BCisrJSlREUC5XxIRYxhvODt4aQoJFFmjTgaP6meyKiiXxxN/VWPZ58j4yHXRkmw==",
      "dev": true,
      "requires": {
        "@types/esquery": "^1.5.0",
        "esquery": "^1.5.0"
      }
    },
    "@types/esquery": {
      "version": "1.5.3",
      "resolved": "https://registry.npmjs.org/@types/esquery/-/esquery-1.5.3.tgz",
      "integrity": "sha512-c55hQOcoPkWDfuEN9EdP1YyNH4D909U40gUEpY0nB5PWHExWHEPxcx3sx0fJ1Gzf4j1OpWktmIgciIlpgHtfDg==",
      "dev": true,
      "requires": {
        "@types/estree": "*"
      }
    },
    "@types/estree": {
      "version": "1.0.5",
      "resolved": "https://registry.npmjs.org/@types/estree/-/estree-1.0.5.tgz",
      "integrity": "sha512-/kYRxGDLWzHOB7q+wtSUQlFrtcdUccpfy+X+9iMBpHK8QLLhx2wIPYuS5DYtR9Wa/YlZAbIovy7qVdB1Aq6Lyw==",
      "dev": true
    },
    "esquery": {
      "version": "1.5.0",
      "resolved": "https://registry.npmjs.org/esquery/-/esquery-1.5.0.tgz",
      "integrity": "sha512-YQLXUplAwJgCydQ78IMJywZCceoqk1oH01OERdSAJc/7U2AylwjhSCLDEtqwg811idIS/9fIU5GjG73IgjKMVg==",
      "dev": true,
      "requires": {
        "estraverse": "^5.1.0"
      }
    },
    "estraverse": {
      "version": "5.3.0",
      "resolved": "https://registry.npmjs.org/estraverse/-/estraverse-5.3.0.tgz",
      "integrity": "sha512-MMdARuVEQziNTeJD8DgMqmhwR11BRQ/cBP+pLtYdSTnf3MIO8fFeiINEbX36ZdNlfU/7A9f3gUw49B3oQsvwBA==",
      "dev": true
    },
    "typescript": {
      "version": "5.3.3",
      "resolved": "https://registry.npmjs.org/typescript/-/typescript-5.3.3.tgz",
      "integrity": "sha512-pXWcraxM0uxAS+tN0AG/BF2TyqmHO014Z070UsJ+pFvYuRSq8KH8DmWpnbXe0pEPDHXZV3FcAbJkijJ5oNEnWw=="
    }
  }
}
